// !$*UTF8*$!
{
	archiveVersion = 1;
	classes = {
	};
	objectVersion = 56;
	objects = {

/* Begin PBXBuildFile section */
		79650C862BE7E7350019368B /* AppDelegate.swift in Sources */ = {isa = PBXBuildFile; fileRef = 79650C852BE7E7350019368B /* AppDelegate.swift */; };
		79650C882BE7E7350019368B /* SceneDelegate.swift in Sources */ = {isa = PBXBuildFile; fileRef = 79650C872BE7E7350019368B /* SceneDelegate.swift */; };
		79650C8A2BE7E7350019368B /* Anasayfa.swift in Sources */ = {isa = PBXBuildFile; fileRef = 79650C892BE7E7350019368B /* Anasayfa.swift */; };
		79650C8D2BE7E7350019368B /* Main.storyboard in Resources */ = {isa = PBXBuildFile; fileRef = 79650C8B2BE7E7350019368B /* Main.storyboard */; };
		79650C8F2BE7E7380019368B /* Assets.xcassets in Resources */ = {isa = PBXBuildFile; fileRef = 79650C8E2BE7E7380019368B /* Assets.xcassets */; };
		79650C922BE7E7380019368B /* LaunchScreen.storyboard in Resources */ = {isa = PBXBuildFile; fileRef = 79650C902BE7E7380019368B /* LaunchScreen.storyboard */; };
		79650C9D2BE7E9240019368B /* Kisiler.swift in Sources */ = {isa = PBXBuildFile; fileRef = 79650C9C2BE7E9240019368B /* Kisiler.swift */; };
		79650CA02BE7EACA0019368B /* KisiKayit.swift in Sources */ = {isa = PBXBuildFile; fileRef = 79650C9F2BE7EACA0019368B /* KisiKayit.swift */; };
		79650CA22BE7EAF40019368B /* KisiDetay.swift in Sources */ = {isa = PBXBuildFile; fileRef = 79650CA12BE7EAF40019368B /* KisiDetay.swift */; };
		79650CA52BEA8CCB0019368B /* KisilerHucre.swift in Sources */ = {isa = PBXBuildFile; fileRef = 79650CA42BEA8CCB0019368B /* KisilerHucre.swift */; };
		79B8C2852BF3C53E0069FB0D /* RxSwift in Frameworks */ = {isa = PBXBuildFile; productRef = 79B8C2842BF3C53E0069FB0D /* RxSwift */; };
		79B8C2882BF3C6610069FB0D /* KisilerRepository.swift in Sources */ = {isa = PBXBuildFile; fileRef = 79B8C2872BF3C6610069FB0D /* KisilerRepository.swift */; };
		79B8C28B2BF3C6A40069FB0D /* AnasayfaViewModel.swift in Sources */ = {isa = PBXBuildFile; fileRef = 79B8C28A2BF3C6A40069FB0D /* AnasayfaViewModel.swift */; };
		79B8C28D2BF3C6B00069FB0D /* KisiKayitViewModel.swift in Sources */ = {isa = PBXBuildFile; fileRef = 79B8C28C2BF3C6B00069FB0D /* KisiKayitViewModel.swift */; };
		79B8C28F2BF3C6BC0069FB0D /* KisiDetayViewModel.swift in Sources */ = {isa = PBXBuildFile; fileRef = 79B8C28E2BF3C6BC0069FB0D /* KisiDetayViewModel.swift */; };
		79B8C2EA2BF67B150069FB0D /* CRUDCevap.swift in Sources */ = {isa = PBXBuildFile; fileRef = 79B8C2E92BF67B150069FB0D /* CRUDCevap.swift */; };
		79B8C2EC2BF67C560069FB0D /* KisilerCevap.swift in Sources */ = {isa = PBXBuildFile; fileRef = 79B8C2EB2BF67C560069FB0D /* KisilerCevap.swift */; };
		79B8C2F32BF68E5E0069FB0D /* Alamofire in Frameworks */ = {isa = PBXBuildFile; productRef = 79B8C2F22BF68E5E0069FB0D /* Alamofire */; };
/* End PBXBuildFile section */

/* Begin PBXFileReference section */
		79650C822BE7E7350019368B /* KisilerUygulamasi.app */ = {isa = PBXFileReference; explicitFileType = wrapper.application; includeInIndex = 0; path = KisilerUygulamasi.app; sourceTree = BUILT_PRODUCTS_DIR; };
		79650C852BE7E7350019368B /* AppDelegate.swift */ = {isa = PBXFileReference; lastKnownFileType = sourcecode.swift; path = AppDelegate.swift; sourceTree = "<group>"; };
		79650C872BE7E7350019368B /* SceneDelegate.swift */ = {isa = PBXFileReference; lastKnownFileType = sourcecode.swift; path = SceneDelegate.swift; sourceTree = "<group>"; };
		79650C892BE7E7350019368B /* Anasayfa.swift */ = {isa = PBXFileReference; lastKnownFileType = sourcecode.swift; path = Anasayfa.swift; sourceTree = "<group>"; };
		79650C8C2BE7E7350019368B /* Base */ = {isa = PBXFileReference; lastKnownFileType = file.storyboard; name = Base; path = Base.lproj/Main.storyboard; sourceTree = "<group>"; };
		79650C8E2BE7E7380019368B /* Assets.xcassets */ = {isa = PBXFileReference; lastKnownFileType = folder.assetcatalog; path = Assets.xcassets; sourceTree = "<group>"; };
		79650C912BE7E7380019368B /* Base */ = {isa = PBXFileReference; lastKnownFileType = file.storyboard; name = Base; path = Base.lproj/LaunchScreen.storyboard; sourceTree = "<group>"; };
		79650C932BE7E7380019368B /* Info.plist */ = {isa = PBXFileReference; lastKnownFileType = text.plist.xml; path = Info.plist; sourceTree = "<group>"; };
		79650C9C2BE7E9240019368B /* Kisiler.swift */ = {isa = PBXFileReference; lastKnownFileType = sourcecode.swift; path = Kisiler.swift; sourceTree = "<group>"; };
		79650C9F2BE7EACA0019368B /* KisiKayit.swift */ = {isa = PBXFileReference; lastKnownFileType = sourcecode.swift; path = KisiKayit.swift; sourceTree = "<group>"; };
		79650CA12BE7EAF40019368B /* KisiDetay.swift */ = {isa = PBXFileReference; lastKnownFileType = sourcecode.swift; path = KisiDetay.swift; sourceTree = "<group>"; };
		79650CA42BEA8CCB0019368B /* KisilerHucre.swift */ = {isa = PBXFileReference; lastKnownFileType = sourcecode.swift; path = KisilerHucre.swift; sourceTree = "<group>"; };
		79B8C2872BF3C6610069FB0D /* KisilerRepository.swift */ = {isa = PBXFileReference; lastKnownFileType = sourcecode.swift; path = KisilerRepository.swift; sourceTree = "<group>"; };
		79B8C28A2BF3C6A40069FB0D /* AnasayfaViewModel.swift */ = {isa = PBXFileReference; lastKnownFileType = sourcecode.swift; path = AnasayfaViewModel.swift; sourceTree = "<group>"; };
		79B8C28C2BF3C6B00069FB0D /* KisiKayitViewModel.swift */ = {isa = PBXFileReference; lastKnownFileType = sourcecode.swift; path = KisiKayitViewModel.swift; sourceTree = "<group>"; };
		79B8C28E2BF3C6BC0069FB0D /* KisiDetayViewModel.swift */ = {isa = PBXFileReference; lastKnownFileType = sourcecode.swift; path = KisiDetayViewModel.swift; sourceTree = "<group>"; };
		79B8C2E92BF67B150069FB0D /* CRUDCevap.swift */ = {isa = PBXFileReference; lastKnownFileType = sourcecode.swift; path = CRUDCevap.swift; sourceTree = "<group>"; };
		79B8C2EB2BF67C560069FB0D /* KisilerCevap.swift */ = {isa = PBXFileReference; lastKnownFileType = sourcecode.swift; path = KisilerCevap.swift; sourceTree = "<group>"; };
/* End PBXFileReference section */

/* Begin PBXFrameworksBuildPhase section */
		79650C7F2BE7E7350019368B /* Frameworks */ = {
			isa = PBXFrameworksBuildPhase;
			buildActionMask = 2147483647;
			files = (
				79B8C2852BF3C53E0069FB0D /* RxSwift in Frameworks */,
				79B8C2F32BF68E5E0069FB0D /* Alamofire in Frameworks */,
			);
			runOnlyForDeploymentPostprocessing = 0;
		};
/* End PBXFrameworksBuildPhase section */

/* Begin PBXGroup section */
		79650C792BE7E7350019368B = {
			isa = PBXGroup;
			children = (
				79650C842BE7E7350019368B /* KisilerUygulamasi */,
				79650C832BE7E7350019368B /* Products */,
				79B8C2832BF3C53E0069FB0D /* Frameworks */,
			);
			sourceTree = "<group>";
		};
		79650C832BE7E7350019368B /* Products */ = {
			isa = PBXGroup;
			children = (
				79650C822BE7E7350019368B /* KisilerUygulamasi.app */,
			);
			name = Products;
			sourceTree = "<group>";
		};
		79650C842BE7E7350019368B /* KisilerUygulamasi */ = {
			isa = PBXGroup;
			children = (
				79650C852BE7E7350019368B /* AppDelegate.swift */,
				79650C872BE7E7350019368B /* SceneDelegate.swift */,
				79650C9A2BE7E8980019368B /* data */,
				79650C992BE7E8800019368B /* ui */,
				79650C8B2BE7E7350019368B /* Main.storyboard */,
				79650C8E2BE7E7380019368B /* Assets.xcassets */,
				79650C902BE7E7380019368B /* LaunchScreen.storyboard */,
				79650C932BE7E7380019368B /* Info.plist */,
			);
			path = KisilerUygulamasi;
			sourceTree = "<group>";
		};
		79650C992BE7E8800019368B /* ui */ = {
			isa = PBXGroup;
			children = (
				79B8C2892BF3C6920069FB0D /* viewmodel */,
				79650CA32BEA8C980019368B /* tableview */,
				79650C9E2BE7EA350019368B /* views */,
			);
			path = ui;
			sourceTree = "<group>";
		};
		79650C9A2BE7E8980019368B /* data */ = {
			isa = PBXGroup;
			children = (
				79B8C2862BF3C6470069FB0D /* repo */,
				79650C9B2BE7E8DA0019368B /* entity */,
			);
			path = data;
			sourceTree = "<group>";
		};
		79650C9B2BE7E8DA0019368B /* entity */ = {
			isa = PBXGroup;
			children = (
				79650C9C2BE7E9240019368B /* Kisiler.swift */,
				79B8C2E92BF67B150069FB0D /* CRUDCevap.swift */,
				79B8C2EB2BF67C560069FB0D /* KisilerCevap.swift */,
			);
			path = entity;
			sourceTree = "<group>";
		};
		79650C9E2BE7EA350019368B /* views */ = {
			isa = PBXGroup;
			children = (
				79650C892BE7E7350019368B /* Anasayfa.swift */,
				79650C9F2BE7EACA0019368B /* KisiKayit.swift */,
				79650CA12BE7EAF40019368B /* KisiDetay.swift */,
			);
			path = views;
			sourceTree = "<group>";
		};
		79650CA32BEA8C980019368B /* tableview */ = {
			isa = PBXGroup;
			children = (
				79650CA42BEA8CCB0019368B /* KisilerHucre.swift */,
			);
			path = tableview;
			sourceTree = "<group>";
		};
		79B8C2832BF3C53E0069FB0D /* Frameworks */ = {
			isa = PBXGroup;
			children = (
			);
			name = Frameworks;
			sourceTree = "<group>";
		};
		79B8C2862BF3C6470069FB0D /* repo */ = {
			isa = PBXGroup;
			children = (
				79B8C2872BF3C6610069FB0D /* KisilerRepository.swift */,
			);
			path = repo;
			sourceTree = "<group>";
		};
		79B8C2892BF3C6920069FB0D /* viewmodel */ = {
			isa = PBXGroup;
			children = (
				79B8C28A2BF3C6A40069FB0D /* AnasayfaViewModel.swift */,
				79B8C28C2BF3C6B00069FB0D /* KisiKayitViewModel.swift */,
				79B8C28E2BF3C6BC0069FB0D /* KisiDetayViewModel.swift */,
			);
			path = viewmodel;
			sourceTree = "<group>";
		};
/* End PBXGroup section */

/* Begin PBXNativeTarget section */
		79650C812BE7E7350019368B /* KisilerUygulamasi */ = {
			isa = PBXNativeTarget;
			buildConfigurationList = 79650C962BE7E7380019368B /* Build configuration list for PBXNativeTarget "KisilerUygulamasi" */;
			buildPhases = (
				79650C7E2BE7E7350019368B /* Sources */,
				79650C7F2BE7E7350019368B /* Frameworks */,
				79650C802BE7E7350019368B /* Resources */,
			);
			buildRules = (
			);
			dependencies = (
			);
			name = KisilerUygulamasi;
			packageProductDependencies = (
				79B8C2842BF3C53E0069FB0D /* RxSwift */,
				79B8C2F22BF68E5E0069FB0D /* Alamofire */,
			);
			productName = KisilerUygulamasi;
			productReference = 79650C822BE7E7350019368B /* KisilerUygulamasi.app */;
			productType = "com.apple.product-type.application";
		};
/* End PBXNativeTarget section */

/* Begin PBXProject section */
		79650C7A2BE7E7350019368B /* Project object */ = {
			isa = PBXProject;
			attributes = {
				BuildIndependentTargetsInParallel = 1;
				LastSwiftUpdateCheck = 1520;
				LastUpgradeCheck = 1520;
				TargetAttributes = {
					79650C812BE7E7350019368B = {
						CreatedOnToolsVersion = 15.2;
					};
				};
			};
			buildConfigurationList = 79650C7D2BE7E7350019368B /* Build configuration list for PBXProject "KisilerUygulamasi" */;
			compatibilityVersion = "Xcode 14.0";
			developmentRegion = en;
			hasScannedForEncodings = 0;
			knownRegions = (
				en,
				Base,
			);
			mainGroup = 79650C792BE7E7350019368B;
			packageReferences = (
				79B8C26E2BF3C5120069FB0D /* XCRemoteSwiftPackageReference "RxSwift" */,
				79B8C2ED2BF68E3C0069FB0D /* XCRemoteSwiftPackageReference "Alamofire" */,
			);
			productRefGroup = 79650C832BE7E7350019368B /* Products */;
			projectDirPath = "";
			projectRoot = "";
			targets = (
				79650C812BE7E7350019368B /* KisilerUygulamasi */,
			);
		};
/* End PBXProject section */

/* Begin PBXResourcesBuildPhase section */
		79650C802BE7E7350019368B /* Resources */ = {
			isa = PBXResourcesBuildPhase;
			buildActionMask = 2147483647;
			files = (
				79650C922BE7E7380019368B /* LaunchScreen.storyboard in Resources */,
				79650C8F2BE7E7380019368B /* Assets.xcassets in Resources */,
				79650C8D2BE7E7350019368B /* Main.storyboard in Resources */,
			);
			runOnlyForDeploymentPostprocessing = 0;
		};
/* End PBXResourcesBuildPhase section */

/* Begin PBXSourcesBuildPhase section */
		79650C7E2BE7E7350019368B /* Sources */ = {
			isa = PBXSourcesBuildPhase;
			buildActionMask = 2147483647;
			files = (
				79650C8A2BE7E7350019368B /* Anasayfa.swift in Sources */,
				79650CA52BEA8CCB0019368B /* KisilerHucre.swift in Sources */,
				79650CA22BE7EAF40019368B /* KisiDetay.swift in Sources */,
				79650CA02BE7EACA0019368B /* KisiKayit.swift in Sources */,
				79650C862BE7E7350019368B /* AppDelegate.swift in Sources */,
				79B8C28B2BF3C6A40069FB0D /* AnasayfaViewModel.swift in Sources */,
				79B8C28F2BF3C6BC0069FB0D /* KisiDetayViewModel.swift in Sources */,
				79B8C2EA2BF67B150069FB0D /* CRUDCevap.swift in Sources */,
				79B8C2882BF3C6610069FB0D /* KisilerRepository.swift in Sources */,
				79B8C2EC2BF67C560069FB0D /* KisilerCevap.swift in Sources */,
				79650C882BE7E7350019368B /* SceneDelegate.swift in Sources */,
				79650C9D2BE7E9240019368B /* Kisiler.swift in Sources */,
				79B8C28D2BF3C6B00069FB0D /* KisiKayitViewModel.swift in Sources */,
			);
			runOnlyForDeploymentPostprocessing = 0;
		};
/* End PBXSourcesBuildPhase section */

/* Begin PBXVariantGroup section */
		79650C8B2BE7E7350019368B /* Main.storyboard */ = {
			isa = PBXVariantGroup;
			children = (
				79650C8C2BE7E7350019368B /* Base */,
			);
			name = Main.storyboard;
			sourceTree = "<group>";
		};
		79650C902BE7E7380019368B /* LaunchScreen.storyboard */ = {
			isa = PBXVariantGroup;
			children = (
				79650C912BE7E7380019368B /* Base */,
			);
			name = LaunchScreen.storyboard;
			sourceTree = "<group>";
		};
/* End PBXVariantGroup section */

/* Begin XCBuildConfiguration section */
		79650C942BE7E7380019368B /* Debug */ = {
			isa = XCBuildConfiguration;
			buildSettings = {
				ALWAYS_SEARCH_USER_PATHS = NO;
				ASSETCATALOG_COMPILER_GENERATE_SWIFT_ASSET_SYMBOL_EXTENSIONS = YES;
				CLANG_ANALYZER_NONNULL = YES;
				CLANG_ANALYZER_NUMBER_OBJECT_CONVERSION = YES_AGGRESSIVE;
				CLANG_CXX_LANGUAGE_STANDARD = "gnu++20";
				CLANG_ENABLE_MODULES = YES;
				CLANG_ENABLE_OBJC_ARC = YES;
				CLANG_ENABLE_OBJC_WEAK = YES;
				CLANG_WARN_BLOCK_CAPTURE_AUTORELEASING = YES;
				CLANG_WARN_BOOL_CONVERSION = YES;
				CLANG_WARN_COMMA = YES;
				CLANG_WARN_CONSTANT_CONVERSION = YES;
				CLANG_WARN_DEPRECATED_OBJC_IMPLEMENTATIONS = YES;
				CLANG_WARN_DIRECT_OBJC_ISA_USAGE = YES_ERROR;
				CLANG_WARN_DOCUMENTATION_COMMENTS = YES;
				CLANG_WARN_EMPTY_BODY = YES;
				CLANG_WARN_ENUM_CONVERSION = YES;
				CLANG_WARN_INFINITE_RECURSION = YES;
				CLANG_WARN_INT_CONVERSION = YES;
				CLANG_WARN_NON_LITERAL_NULL_CONVERSION = YES;
				CLANG_WARN_OBJC_IMPLICIT_RETAIN_SELF = YES;
				CLANG_WARN_OBJC_LITERAL_CONVERSION = YES;
				CLANG_WARN_OBJC_ROOT_CLASS = YES_ERROR;
				CLANG_WARN_QUOTED_INCLUDE_IN_FRAMEWORK_HEADER = YES;
				CLANG_WARN_RANGE_LOOP_ANALYSIS = YES;
				CLANG_WARN_STRICT_PROTOTYPES = YES;
				CLANG_WARN_SUSPICIOUS_MOVE = YES;
				CLANG_WARN_UNGUARDED_AVAILABILITY = YES_AGGRESSIVE;
				CLANG_WARN_UNREACHABLE_CODE = YES;
				CLANG_WARN__DUPLICATE_METHOD_MATCH = YES;
				COPY_PHASE_STRIP = NO;
				DEBUG_INFORMATION_FORMAT = dwarf;
				ENABLE_STRICT_OBJC_MSGSEND = YES;
				ENABLE_TESTABILITY = YES;
				ENABLE_USER_SCRIPT_SANDBOXING = YES;
				GCC_C_LANGUAGE_STANDARD = gnu17;
				GCC_DYNAMIC_NO_PIC = NO;
				GCC_NO_COMMON_BLOCKS = YES;
				GCC_OPTIMIZATION_LEVEL = 0;
				GCC_PREPROCESSOR_DEFINITIONS = (
					"DEBUG=1",
					"$(inherited)",
				);
				GCC_WARN_64_TO_32_BIT_CONVERSION = YES;
				GCC_WARN_ABOUT_RETURN_TYPE = YES_ERROR;
				GCC_WARN_UNDECLARED_SELECTOR = YES;
				GCC_WARN_UNINITIALIZED_AUTOS = YES_AGGRESSIVE;
				GCC_WARN_UNUSED_FUNCTION = YES;
				GCC_WARN_UNUSED_VARIABLE = YES;
				IPHONEOS_DEPLOYMENT_TARGET = 17.2;
				LOCALIZATION_PREFERS_STRING_CATALOGS = YES;
				MTL_ENABLE_DEBUG_INFO = INCLUDE_SOURCE;
				MTL_FAST_MATH = YES;
				ONLY_ACTIVE_ARCH = YES;
				SDKROOT = iphoneos;
				SWIFT_ACTIVE_COMPILATION_CONDITIONS = "DEBUG $(inherited)";
				SWIFT_OPTIMIZATION_LEVEL = "-Onone";
			};
			name = Debug;
		};
		79650C952BE7E7380019368B /* Release */ = {
			isa = XCBuildConfiguration;
			buildSettings = {
				ALWAYS_SEARCH_USER_PATHS = NO;
				ASSETCATALOG_COMPILER_GENERATE_SWIFT_ASSET_SYMBOL_EXTENSIONS = YES;
				CLANG_ANALYZER_NONNULL = YES;
				CLANG_ANALYZER_NUMBER_OBJECT_CONVERSION = YES_AGGRESSIVE;
				CLANG_CXX_LANGUAGE_STANDARD = "gnu++20";
				CLANG_ENABLE_MODULES = YES;
				CLANG_ENABLE_OBJC_ARC = YES;
				CLANG_ENABLE_OBJC_WEAK = YES;
				CLANG_WARN_BLOCK_CAPTURE_AUTORELEASING = YES;
				CLANG_WARN_BOOL_CONVERSION = YES;
				CLANG_WARN_COMMA = YES;
				CLANG_WARN_CONSTANT_CONVERSION = YES;
				CLANG_WARN_DEPRECATED_OBJC_IMPLEMENTATIONS = YES;
				CLANG_WARN_DIRECT_OBJC_ISA_USAGE = YES_ERROR;
				CLANG_WARN_DOCUMENTATION_COMMENTS = YES;
				CLANG_WARN_EMPTY_BODY = YES;
				CLANG_WARN_ENUM_CONVERSION = YES;
				CLANG_WARN_INFINITE_RECURSION = YES;
				CLANG_WARN_INT_CONVERSION = YES;
				CLANG_WARN_NON_LITERAL_NULL_CONVERSION = YES;
				CLANG_WARN_OBJC_IMPLICIT_RETAIN_SELF = YES;
				CLANG_WARN_OBJC_LITERAL_CONVERSION = YES;
				CLANG_WARN_OBJC_ROOT_CLASS = YES_ERROR;
				CLANG_WARN_QUOTED_INCLUDE_IN_FRAMEWORK_HEADER = YES;
				CLANG_WARN_RANGE_LOOP_ANALYSIS = YES;
				CLANG_WARN_STRICT_PROTOTYPES = YES;
				CLANG_WARN_SUSPICIOUS_MOVE = YES;
				CLANG_WARN_UNGUARDED_AVAILABILITY = YES_AGGRESSIVE;
				CLANG_WARN_UNREACHABLE_CODE = YES;
				CLANG_WARN__DUPLICATE_METHOD_MATCH = YES;
				COPY_PHASE_STRIP = NO;
				DEBUG_INFORMATION_FORMAT = "dwarf-with-dsym";
				ENABLE_NS_ASSERTIONS = NO;
				ENABLE_STRICT_OBJC_MSGSEND = YES;
				ENABLE_USER_SCRIPT_SANDBOXING = YES;
				GCC_C_LANGUAGE_STANDARD = gnu17;
				GCC_NO_COMMON_BLOCKS = YES;
				GCC_WARN_64_TO_32_BIT_CONVERSION = YES;
				GCC_WARN_ABOUT_RETURN_TYPE = YES_ERROR;
				GCC_WARN_UNDECLARED_SELECTOR = YES;
				GCC_WARN_UNINITIALIZED_AUTOS = YES_AGGRESSIVE;
				GCC_WARN_UNUSED_FUNCTION = YES;
				GCC_WARN_UNUSED_VARIABLE = YES;
				IPHONEOS_DEPLOYMENT_TARGET = 17.2;
				LOCALIZATION_PREFERS_STRING_CATALOGS = YES;
				MTL_ENABLE_DEBUG_INFO = NO;
				MTL_FAST_MATH = YES;
				SDKROOT = iphoneos;
				SWIFT_COMPILATION_MODE = wholemodule;
				VALIDATE_PRODUCT = YES;
			};
			name = Release;
		};
		79650C972BE7E7380019368B /* Debug */ = {
			isa = XCBuildConfiguration;
			buildSettings = {
				ASSETCATALOG_COMPILER_APPICON_NAME = AppIcon;
				ASSETCATALOG_COMPILER_GLOBAL_ACCENT_COLOR_NAME = AccentColor;
				CODE_SIGN_STYLE = Automatic;
				CURRENT_PROJECT_VERSION = 1;
				GENERATE_INFOPLIST_FILE = YES;
				INFOPLIST_FILE = KisilerUygulamasi/Info.plist;
				INFOPLIST_KEY_UIApplicationSupportsIndirectInputEvents = YES;
				INFOPLIST_KEY_UILaunchStoryboardName = LaunchScreen;
				INFOPLIST_KEY_UIMainStoryboardFile = Main;
				INFOPLIST_KEY_UISupportedInterfaceOrientations_iPad = "UIInterfaceOrientationPortrait UIInterfaceOrientationPortraitUpsideDown UIInterfaceOrientationLandscapeLeft UIInterfaceOrientationLandscapeRight";
				INFOPLIST_KEY_UISupportedInterfaceOrientations_iPhone = "UIInterfaceOrientationPortrait UIInterfaceOrientationLandscapeLeft UIInterfaceOrientationLandscapeRight";
				IPHONEOS_DEPLOYMENT_TARGET = 16.2;
				LD_RUNPATH_SEARCH_PATHS = (
					"$(inherited)",
					"@executable_path/Frameworks",
				);
				MARKETING_VERSION = 1.0;
				PRODUCT_BUNDLE_IDENTIFIER = com.info.KisilerUygulamasi;
				PRODUCT_NAME = "$(TARGET_NAME)";
				SWIFT_EMIT_LOC_STRINGS = YES;
				SWIFT_VERSION = 5.0;
				TARGETED_DEVICE_FAMILY = "1,2";
			};
			name = Debug;
		};
		79650C982BE7E7380019368B /* Release */ = {
			isa = XCBuildConfiguration;
			buildSettings = {
				ASSETCATALOG_COMPILER_APPICON_NAME = AppIcon;
				ASSETCATALOG_COMPILER_GLOBAL_ACCENT_COLOR_NAME = AccentColor;
				CODE_SIGN_STYLE = Automatic;
				CURRENT_PROJECT_VERSION = 1;
				GENERATE_INFOPLIST_FILE = YES;
				INFOPLIST_FILE = KisilerUygulamasi/Info.plist;
				INFOPLIST_KEY_UIApplicationSupportsIndirectInputEvents = YES;
				INFOPLIST_KEY_UILaunchStoryboardName = LaunchScreen;
				INFOPLIST_KEY_UIMainStoryboardFile = Main;
				INFOPLIST_KEY_UISupportedInterfaceOrientations_iPad = "UIInterfaceOrientationPortrait UIInterfaceOrientationPortraitUpsideDown UIInterfaceOrientationLandscapeLeft UIInterfaceOrientationLandscapeRight";
				INFOPLIST_KEY_UISupportedInterfaceOrientations_iPhone = "UIInterfaceOrientationPortrait UIInterfaceOrientationLandscapeLeft UIInterfaceOrientationLandscapeRight";
				IPHONEOS_DEPLOYMENT_TARGET = 16.2;
				LD_RUNPATH_SEARCH_PATHS = (
					"$(inherited)",
					"@executable_path/Frameworks",
				);
				MARKETING_VERSION = 1.0;
				PRODUCT_BUNDLE_IDENTIFIER = com.info.KisilerUygulamasi;
				PRODUCT_NAME = "$(TARGET_NAME)";
				SWIFT_EMIT_LOC_STRINGS = YES;
				SWIFT_VERSION = 5.0;
				TARGETED_DEVICE_FAMILY = "1,2";
			};
			name = Release;
		};
/* End XCBuildConfiguration section */

/* Begin XCConfigurationList section */
		79650C7D2BE7E7350019368B /* Build configuration list for PBXProject "KisilerUygulamasi" */ = {
			isa = XCConfigurationList;
			buildConfigurations = (
				79650C942BE7E7380019368B /* Debug */,
				79650C952BE7E7380019368B /* Release */,
			);
			defaultConfigurationIsVisible = 0;
			defaultConfigurationName = Release;
		};
		79650C962BE7E7380019368B /* Build configuration list for PBXNativeTarget "KisilerUygulamasi" */ = {
			isa = XCConfigurationList;
			buildConfigurations = (
				79650C972BE7E7380019368B /* Debug */,
				79650C982BE7E7380019368B /* Release */,
			);
			defaultConfigurationIsVisible = 0;
			defaultConfigurationName = Release;
		};
/* End XCConfigurationList section */

/* Begin XCRemoteSwiftPackageReference section */
		79B8C26E2BF3C5120069FB0D /* XCRemoteSwiftPackageReference "RxSwift" */ = {
			isa = XCRemoteSwiftPackageReference;
			repositoryURL = "https://github.com/ReactiveX/RxSwift.git";
			requirement = {
				kind = upToNextMajorVersion;
				minimumVersion = 6.7.1;
			};
		};
		79B8C2ED2BF68E3C0069FB0D /* XCRemoteSwiftPackageReference "Alamofire" */ = {
			isa = XCRemoteSwiftPackageReference;
			repositoryURL = "https://github.com/Alamofire/Alamofire.git";
			requirement = {
				kind = upToNextMajorVersion;
				minimumVersion = 5.9.1;
			};
		};
/* End XCRemoteSwiftPackageReference section */

/* Begin XCSwiftPackageProductDependency section */
		79B8C2842BF3C53E0069FB0D /* RxSwift */ = {
			isa = XCSwiftPackageProductDependency;
			package = 79B8C26E2BF3C5120069FB0D /* XCRemoteSwiftPackageReference "RxSwift" */;
			productName = RxSwift;
		};
		79B8C2F22BF68E5E0069FB0D /* Alamofire */ = {
			isa = XCSwiftPackageProductDependency;
			package = 79B8C2ED2BF68E3C0069FB0D /* XCRemoteSwiftPackageReference "Alamofire" */;
			productName = Alamofire;
		};
/* End XCSwiftPackageProductDependency section */
	};
	rootObject = 79650C7A2BE7E7350019368B /* Project object */;
}
